
Microsoft Visual Studio Solution File, Format Version 12.00
# Visual Studio Version 16
VisualStudioVersion = 16.0.29306.81
MinimumVisualStudioVersion = 10.0.40219.1
Project("{FAE04EC0-301F-11D3-BF4B-00C04F79EFBC}") = "TE17C_objektorientering_grund", "TE17C_objektorientering_grund\TE17C_objektorientering_grund.csproj", "{76B04238-5BBD-4CA1-9FED-7AA3B3464668}"
EndProject
Global
	GlobalSection(SolutionConfigurationPlatforms) = preSolution
		Debug|Any CPU = Debug|Any CPU
		Release|Any CPU = Release|Any CPU
	EndGlobalSection
	GlobalSection(ProjectConfigurationPlatforms) = postSolution
		{76B04238-5BBD-4CA1-9FED-7AA3B3464668}.Debug|Any CPU.ActiveCfg = Debug|Any CPU
		{76B04238-5BBD-4CA1-9FED-7AA3B3464668}.Debug|Any CPU.Build.0 = Debug|Any CPU
		{76B04238-5BBD-4CA1-9FED-7AA3B3464668}.Release|Any CPU.ActiveCfg = Release|Any CPU
		{76B04238-5BBD-4CA1-9FED-7AA3B3464668}.Release|Any CPU.Build.0 = Release|Any CPU
	EndGlobalSection
	GlobalSection(SolutionProperties) = preSolution
		HideSolutionNode = FALSE
	EndGlobalSection
	GlobalSection(ExtensibilityGlobals) = postSolution
		SolutionGuid = {76483579-8EF3-4D7E-B2AE-C992B0CE2CE7}
	EndGlobalSection
EndGlobal
