
Microsoft Visual Studio Solution File, Format Version 12.00
# Visual Studio Version 16
VisualStudioVersion = 16.0.29503.13
MinimumVisualStudioVersion = 10.0.40219.1
Project("{FAE04EC0-301F-11D3-BF4B-00C04F79EFBC}") = "TE17B_Inkapsling_properties", "TE17B_Inkapsling_properties\TE17B_Inkapsling_properties.csproj", "{43D25CBB-1B57-498D-B119-0E2D1DB34D24}"
EndProject
Global
	GlobalSection(SolutionConfigurationPlatforms) = preSolution
		Debug|Any CPU = Debug|Any CPU
		Release|Any CPU = Release|Any CPU
	EndGlobalSection
	GlobalSection(ProjectConfigurationPlatforms) = postSolution
		{43D25CBB-1B57-498D-B119-0E2D1DB34D24}.Debug|Any CPU.ActiveCfg = Debug|Any CPU
		{43D25CBB-1B57-498D-B119-0E2D1DB34D24}.Debug|Any CPU.Build.0 = Debug|Any CPU
		{43D25CBB-1B57-498D-B119-0E2D1DB34D24}.Release|Any CPU.ActiveCfg = Release|Any CPU
		{43D25CBB-1B57-498D-B119-0E2D1DB34D24}.Release|Any CPU.Build.0 = Release|Any CPU
	EndGlobalSection
	GlobalSection(SolutionProperties) = preSolution
		HideSolutionNode = FALSE
	EndGlobalSection
	GlobalSection(ExtensibilityGlobals) = postSolution
		SolutionGuid = {ECEA76CB-588B-45B0-A08A-8B3141FA567C}
	EndGlobalSection
EndGlobal
