
Microsoft Visual Studio Solution File, Format Version 12.00
# Visual Studio Version 16
VisualStudioVersion = 16.0.29503.13
MinimumVisualStudioVersion = 10.0.40219.1
Project("{FAE04EC0-301F-11D3-BF4B-00C04F79EFBC}") = "TE17A_Arv-igen", "TE17A_Arv-igen\TE17A_Arv-igen.csproj", "{679B6250-8C78-40E0-BC0F-86170B566588}"
EndProject
Global
	GlobalSection(SolutionConfigurationPlatforms) = preSolution
		Debug|Any CPU = Debug|Any CPU
		Release|Any CPU = Release|Any CPU
	EndGlobalSection
	GlobalSection(ProjectConfigurationPlatforms) = postSolution
		{679B6250-8C78-40E0-BC0F-86170B566588}.Debug|Any CPU.ActiveCfg = Debug|Any CPU
		{679B6250-8C78-40E0-BC0F-86170B566588}.Debug|Any CPU.Build.0 = Debug|Any CPU
		{679B6250-8C78-40E0-BC0F-86170B566588}.Release|Any CPU.ActiveCfg = Release|Any CPU
		{679B6250-8C78-40E0-BC0F-86170B566588}.Release|Any CPU.Build.0 = Release|Any CPU
	EndGlobalSection
	GlobalSection(SolutionProperties) = preSolution
		HideSolutionNode = FALSE
	EndGlobalSection
	GlobalSection(ExtensibilityGlobals) = postSolution
		SolutionGuid = {E48F02BB-D37A-4056-8F8D-D9A290A7005D}
	EndGlobalSection
EndGlobal
