
Microsoft Visual Studio Solution File, Format Version 12.00
# Visual Studio Version 16
VisualStudioVersion = 16.0.29318.209
MinimumVisualStudioVersion = 10.0.40219.1
Project("{FAE04EC0-301F-11D3-BF4B-00C04F79EFBC}") = "TE17A_ReferenceValueTypes", "TE17A_ReferenceValueTypes\TE17A_ReferenceValueTypes.csproj", "{855F52B7-9C29-468F-A067-9FD8B0E08D29}"
EndProject
Global
	GlobalSection(SolutionConfigurationPlatforms) = preSolution
		Debug|Any CPU = Debug|Any CPU
		Release|Any CPU = Release|Any CPU
	EndGlobalSection
	GlobalSection(ProjectConfigurationPlatforms) = postSolution
		{855F52B7-9C29-468F-A067-9FD8B0E08D29}.Debug|Any CPU.ActiveCfg = Debug|Any CPU
		{855F52B7-9C29-468F-A067-9FD8B0E08D29}.Debug|Any CPU.Build.0 = Debug|Any CPU
		{855F52B7-9C29-468F-A067-9FD8B0E08D29}.Release|Any CPU.ActiveCfg = Release|Any CPU
		{855F52B7-9C29-468F-A067-9FD8B0E08D29}.Release|Any CPU.Build.0 = Release|Any CPU
	EndGlobalSection
	GlobalSection(SolutionProperties) = preSolution
		HideSolutionNode = FALSE
	EndGlobalSection
	GlobalSection(ExtensibilityGlobals) = postSolution
		SolutionGuid = {ADDC5EA9-A498-4B85-A942-F17EC842F14D}
	EndGlobalSection
EndGlobal
