
Microsoft Visual Studio Solution File, Format Version 12.00
# Visual Studio Version 16
VisualStudioVersion = 16.0.29306.81
MinimumVisualStudioVersion = 10.0.40219.1
Project("{FAE04EC0-301F-11D3-BF4B-00C04F79EFBC}") = "te17a_Static", "te17a_Static\te17a_Static.csproj", "{1A04A474-7A18-40B4-83FC-8335B7E4EAF3}"
EndProject
Global
	GlobalSection(SolutionConfigurationPlatforms) = preSolution
		Debug|Any CPU = Debug|Any CPU
		Release|Any CPU = Release|Any CPU
	EndGlobalSection
	GlobalSection(ProjectConfigurationPlatforms) = postSolution
		{1A04A474-7A18-40B4-83FC-8335B7E4EAF3}.Debug|Any CPU.ActiveCfg = Debug|Any CPU
		{1A04A474-7A18-40B4-83FC-8335B7E4EAF3}.Debug|Any CPU.Build.0 = Debug|Any CPU
		{1A04A474-7A18-40B4-83FC-8335B7E4EAF3}.Release|Any CPU.ActiveCfg = Release|Any CPU
		{1A04A474-7A18-40B4-83FC-8335B7E4EAF3}.Release|Any CPU.Build.0 = Release|Any CPU
	EndGlobalSection
	GlobalSection(SolutionProperties) = preSolution
		HideSolutionNode = FALSE
	EndGlobalSection
	GlobalSection(ExtensibilityGlobals) = postSolution
		SolutionGuid = {441C56ED-E644-4835-919E-E0D5E94B95EB}
	EndGlobalSection
EndGlobal
