
Microsoft Visual Studio Solution File, Format Version 12.00
# Visual Studio Version 16
VisualStudioVersion = 16.0.29728.190
MinimumVisualStudioVersion = 10.0.40219.1
Project("{FAE04EC0-301F-11D3-BF4B-00C04F79EFBC}") = "TE17A_ApiServerGrej", "TE17A_ApiServerGrej\TE17A_ApiServerGrej.csproj", "{910702D5-AF52-4414-BCE0-D16E14C5EBEF}"
EndProject
Global
	GlobalSection(SolutionConfigurationPlatforms) = preSolution
		Debug|Any CPU = Debug|Any CPU
		Release|Any CPU = Release|Any CPU
	EndGlobalSection
	GlobalSection(ProjectConfigurationPlatforms) = postSolution
		{910702D5-AF52-4414-BCE0-D16E14C5EBEF}.Debug|Any CPU.ActiveCfg = Debug|Any CPU
		{910702D5-AF52-4414-BCE0-D16E14C5EBEF}.Debug|Any CPU.Build.0 = Debug|Any CPU
		{910702D5-AF52-4414-BCE0-D16E14C5EBEF}.Release|Any CPU.ActiveCfg = Release|Any CPU
		{910702D5-AF52-4414-BCE0-D16E14C5EBEF}.Release|Any CPU.Build.0 = Release|Any CPU
	EndGlobalSection
	GlobalSection(SolutionProperties) = preSolution
		HideSolutionNode = FALSE
	EndGlobalSection
	GlobalSection(ExtensibilityGlobals) = postSolution
		SolutionGuid = {08DBDB3A-5608-444B-A8B2-1EA5F378E8C3}
	EndGlobalSection
EndGlobal
